
Microsoft Visual Studio Solution File, Format Version 12.00
# Visual Studio 15
VisualStudioVersion = 15.0.27130.2027
MinimumVisualStudioVersion = 10.0.40219.1
Project("{FAE04EC0-301F-11D3-BF4B-00C04F79EFBC}") = "tUserManagement", "tUserManagement\tUserManagement.csproj", "{AD8DE732-E8AE-4747-A59A-6700EF47B82F}"
EndProject
Global
	GlobalSection(SolutionConfigurationPlatforms) = preSolution
		Debug|Any CPU = Debug|Any CPU
		Release|Any CPU = Release|Any CPU
	EndGlobalSection
	GlobalSection(ProjectConfigurationPlatforms) = postSolution
		{AD8DE732-E8AE-4747-A59A-6700EF47B82F}.Debug|Any CPU.ActiveCfg = Debug|Any CPU
		{AD8DE732-E8AE-4747-A59A-6700EF47B82F}.Debug|Any CPU.Build.0 = Debug|Any CPU
		{AD8DE732-E8AE-4747-A59A-6700EF47B82F}.Release|Any CPU.ActiveCfg = Release|Any CPU
		{AD8DE732-E8AE-4747-A59A-6700EF47B82F}.Release|Any CPU.Build.0 = Release|Any CPU
	EndGlobalSection
	GlobalSection(SolutionProperties) = preSolution
		HideSolutionNode = FALSE
	EndGlobalSection
	GlobalSection(ExtensibilityGlobals) = postSolution
		SolutionGuid = {0C2CCBA0-713B-4324-86BC-0EEC7DA19170}
	EndGlobalSection
EndGlobal
